
Microsoft Visual Studio Solution File, Format Version 12.00
# Visual Studio Version 16
VisualStudioVersion = 16.0.31005.135
MinimumVisualStudioVersion = 10.0.40219.1
Project("{FAE04EC0-301F-11D3-BF4B-00C04F79EFBC}") = "rekenmachine", "rekenmachine\rekenmachine.csproj", "{EC879F27-9070-460E-ACF0-44356541B456}"
EndProject
Global
	GlobalSection(SolutionConfigurationPlatforms) = preSolution
		Debug|Any CPU = Debug|Any CPU
		Release|Any CPU = Release|Any CPU
	EndGlobalSection
	GlobalSection(ProjectConfigurationPlatforms) = postSolution
		{EC879F27-9070-460E-ACF0-44356541B456}.Debug|Any CPU.ActiveCfg = Debug|Any CPU
		{EC879F27-9070-460E-ACF0-44356541B456}.Debug|Any CPU.Build.0 = Debug|Any CPU
		{EC879F27-9070-460E-ACF0-44356541B456}.Release|Any CPU.ActiveCfg = Release|Any CPU
		{EC879F27-9070-460E-ACF0-44356541B456}.Release|Any CPU.Build.0 = Release|Any CPU
	EndGlobalSection
	GlobalSection(SolutionProperties) = preSolution
		HideSolutionNode = FALSE
	EndGlobalSection
	GlobalSection(ExtensibilityGlobals) = postSolution
		SolutionGuid = {4C163ACE-2ABD-4B5A-ABB2-F5572D808B1D}
	EndGlobalSection
EndGlobal
